
Microsoft Visual Studio Solution File, Format Version 12.00
# Visual Studio Version 17
VisualStudioVersion = 17.7.34221.43
MinimumVisualStudioVersion = 10.0.40219.1
Project("{FAE04EC0-301F-11D3-BF4B-00C04F79EFBC}") = "1561. Maximum Number of Coins You Can Get", "1561. Maximum Number of Coins You Can Get\1561. Maximum Number of Coins You Can Get.csproj", "{FE9483FE-CD6F-4FAA-B444-34E03BADC95C}"
EndProject
Global
	GlobalSection(SolutionConfigurationPlatforms) = preSolution
		Debug|Any CPU = Debug|Any CPU
		Release|Any CPU = Release|Any CPU
	EndGlobalSection
	GlobalSection(ProjectConfigurationPlatforms) = postSolution
		{FE9483FE-CD6F-4FAA-B444-34E03BADC95C}.Debug|Any CPU.ActiveCfg = Debug|Any CPU
		{FE9483FE-CD6F-4FAA-B444-34E03BADC95C}.Debug|Any CPU.Build.0 = Debug|Any CPU
		{FE9483FE-CD6F-4FAA-B444-34E03BADC95C}.Release|Any CPU.ActiveCfg = Release|Any CPU
		{FE9483FE-CD6F-4FAA-B444-34E03BADC95C}.Release|Any CPU.Build.0 = Release|Any CPU
	EndGlobalSection
	GlobalSection(SolutionProperties) = preSolution
		HideSolutionNode = FALSE
	EndGlobalSection
	GlobalSection(ExtensibilityGlobals) = postSolution
		SolutionGuid = {EFDAB83F-8E5B-40BC-B6AC-A372483E1ACB}
	EndGlobalSection
EndGlobal
