
Microsoft Visual Studio Solution File, Format Version 12.00
# Visual Studio Version 17
VisualStudioVersion = 17.7.34221.43
MinimumVisualStudioVersion = 10.0.40219.1
Project("{9A19103F-16F7-4668-BE54-9A1E7A4F7556}") = "1561. Maximum Number of Coins You Can Get", "1561. Maximum Number of Coins You Can Get\1561. Maximum Number of Coins You Can Get.csproj", "{FE9483FE-CD6F-4FAA-B444-34E03BADC95C}"
EndProject
Project("{9A19103F-16F7-4668-BE54-9A1E7A4F7556}") = "2500. Delete Greatest Value in Each Row", "2500. Delete Greatest Value in Each Row\2500. Delete Greatest Value in Each Row.csproj", "{6703669B-8BB6-42FD-8CAF-540A5E2F877E}"
EndProject
Project("{9A19103F-16F7-4668-BE54-9A1E7A4F7556}") = "1685. Sum of Absolute Differences in a Sorted Array", "1685. Sum of Absolute Differences in a Sorted Array\1685. Sum of Absolute Differences in a Sorted Array.csproj", "{EB7D1B9C-DB96-4007-989D-2EEAE9BCEE58}"
EndProject
Project("{9A19103F-16F7-4668-BE54-9A1E7A4F7556}") = "1727. Largest Submatrix With Rearrangements", "1727. Largest Submatrix With Rearrangements\1727. Largest Submatrix With Rearrangements.csproj", "{81633A11-52C1-4C8C-B891-F811ABBF9811}"
EndProject
Project("{9A19103F-16F7-4668-BE54-9A1E7A4F7556}") = "43. Multiply Strings", "43. Multiply Strings\43. Multiply Strings.csproj", "{EB8457AB-31F3-4743-820C-DE7EDE081DFA}"
EndProject
Project("{9A19103F-16F7-4668-BE54-9A1E7A4F7556}") = "935. Knight Dialer", "935. Knight Dialer\935. Knight Dialer.csproj", "{29C2E9F0-A2E2-4B88-8825-CFF0D71990FD}"
EndProject
Project("{9A19103F-16F7-4668-BE54-9A1E7A4F7556}") = "2147. Number of Ways to Divide a Long Corridor", "2147. Number of Ways to Divide a Long Corridor\2147. Number of Ways to Divide a Long Corridor.csproj", "{7803A41C-D69B-4ED9-8C14-32B765B04171}"
EndProject
Project("{9A19103F-16F7-4668-BE54-9A1E7A4F7556}") = "191. Number of 1 Bits", "191. Number of 1 Bits\191. Number of 1 Bits.csproj", "{3E8B8061-F1E8-443F-883C-24B3336403F7}"
EndProject
Project("{9A19103F-16F7-4668-BE54-9A1E7A4F7556}") = "1611. Minimum One Bit Operations to Make Integers Zero", "1611. Minimum One Bit Operations to Make Integers Zero\1611. Minimum One Bit Operations to Make Integers Zero.csproj", "{303DE5D9-A638-4B89-983D-A8F8D1FB4CE2}"
EndProject
Project("{9A19103F-16F7-4668-BE54-9A1E7A4F7556}") = "1662. Check If Two String Arrays are Equivalent", "1662. Check If Two String Arrays are Equivalent\1662. Check If Two String Arrays are Equivalent.csproj", "{55215304-E7C7-4174-BD88-EF988C3AC6E2}"
EndProject
Project("{9A19103F-16F7-4668-BE54-9A1E7A4F7556}") = "1160. Find Words That Can Be Formed by Characters", "1160. Find Words That Can Be Formed by Characters\1160. Find Words That Can Be Formed by Characters.csproj", "{1F5E3C5A-87DE-4253-BC74-221FEA7BA928}"
EndProject
Project("{9A19103F-16F7-4668-BE54-9A1E7A4F7556}") = "1266. Minimum Time Visiting All Points", "1266. Minimum Time Visiting All Points\1266. Minimum Time Visiting All Points.csproj", "{25F026F4-2F0D-4F0A-A361-79F47E298B7F}"
EndProject
Project("{9A19103F-16F7-4668-BE54-9A1E7A4F7556}") = "2264. Largest 3-Same-Digit Number in String", "2264. Largest 3-Same-Digit Number in String\2264. Largest 3-Same-Digit Number in String.csproj", "{6F2C58DD-B8FC-4023-9AB3-3154C1783EF5}"
EndProject
Project("{9A19103F-16F7-4668-BE54-9A1E7A4F7556}") = "1688. Count of Matches in Tournament", "1688. Count of Matches in Tournament\1688. Count of Matches in Tournament.csproj", "{26D6F060-59BC-4419-AB08-2FE4035275DC}"
EndProject
Project("{FAE04EC0-301F-11D3-BF4B-00C04F79EFBC}") = "1716. Calculate Money in Leetcode Bank", "1716. Calculate Money in Leetcode Bank\1716. Calculate Money in Leetcode Bank.csproj", "{A1B3C5F2-4887-4585-96B2-F72FEA92F148}"
EndProject
Global
	GlobalSection(SolutionConfigurationPlatforms) = preSolution
		Debug|Any CPU = Debug|Any CPU
		Release|Any CPU = Release|Any CPU
	EndGlobalSection
	GlobalSection(ProjectConfigurationPlatforms) = postSolution
		{FE9483FE-CD6F-4FAA-B444-34E03BADC95C}.Debug|Any CPU.ActiveCfg = Debug|Any CPU
		{FE9483FE-CD6F-4FAA-B444-34E03BADC95C}.Debug|Any CPU.Build.0 = Debug|Any CPU
		{FE9483FE-CD6F-4FAA-B444-34E03BADC95C}.Release|Any CPU.ActiveCfg = Release|Any CPU
		{FE9483FE-CD6F-4FAA-B444-34E03BADC95C}.Release|Any CPU.Build.0 = Release|Any CPU
		{6703669B-8BB6-42FD-8CAF-540A5E2F877E}.Debug|Any CPU.ActiveCfg = Debug|Any CPU
		{6703669B-8BB6-42FD-8CAF-540A5E2F877E}.Debug|Any CPU.Build.0 = Debug|Any CPU
		{6703669B-8BB6-42FD-8CAF-540A5E2F877E}.Release|Any CPU.ActiveCfg = Release|Any CPU
		{6703669B-8BB6-42FD-8CAF-540A5E2F877E}.Release|Any CPU.Build.0 = Release|Any CPU
		{EB7D1B9C-DB96-4007-989D-2EEAE9BCEE58}.Debug|Any CPU.ActiveCfg = Debug|Any CPU
		{EB7D1B9C-DB96-4007-989D-2EEAE9BCEE58}.Debug|Any CPU.Build.0 = Debug|Any CPU
		{EB7D1B9C-DB96-4007-989D-2EEAE9BCEE58}.Release|Any CPU.ActiveCfg = Release|Any CPU
		{EB7D1B9C-DB96-4007-989D-2EEAE9BCEE58}.Release|Any CPU.Build.0 = Release|Any CPU
		{81633A11-52C1-4C8C-B891-F811ABBF9811}.Debug|Any CPU.ActiveCfg = Debug|Any CPU
		{81633A11-52C1-4C8C-B891-F811ABBF9811}.Debug|Any CPU.Build.0 = Debug|Any CPU
		{81633A11-52C1-4C8C-B891-F811ABBF9811}.Release|Any CPU.ActiveCfg = Release|Any CPU
		{81633A11-52C1-4C8C-B891-F811ABBF9811}.Release|Any CPU.Build.0 = Release|Any CPU
		{EB8457AB-31F3-4743-820C-DE7EDE081DFA}.Debug|Any CPU.ActiveCfg = Debug|Any CPU
		{EB8457AB-31F3-4743-820C-DE7EDE081DFA}.Debug|Any CPU.Build.0 = Debug|Any CPU
		{EB8457AB-31F3-4743-820C-DE7EDE081DFA}.Release|Any CPU.ActiveCfg = Release|Any CPU
		{EB8457AB-31F3-4743-820C-DE7EDE081DFA}.Release|Any CPU.Build.0 = Release|Any CPU
		{29C2E9F0-A2E2-4B88-8825-CFF0D71990FD}.Debug|Any CPU.ActiveCfg = Debug|Any CPU
		{29C2E9F0-A2E2-4B88-8825-CFF0D71990FD}.Debug|Any CPU.Build.0 = Debug|Any CPU
		{29C2E9F0-A2E2-4B88-8825-CFF0D71990FD}.Release|Any CPU.ActiveCfg = Release|Any CPU
		{29C2E9F0-A2E2-4B88-8825-CFF0D71990FD}.Release|Any CPU.Build.0 = Release|Any CPU
		{7803A41C-D69B-4ED9-8C14-32B765B04171}.Debug|Any CPU.ActiveCfg = Debug|Any CPU
		{7803A41C-D69B-4ED9-8C14-32B765B04171}.Debug|Any CPU.Build.0 = Debug|Any CPU
		{7803A41C-D69B-4ED9-8C14-32B765B04171}.Release|Any CPU.ActiveCfg = Release|Any CPU
		{7803A41C-D69B-4ED9-8C14-32B765B04171}.Release|Any CPU.Build.0 = Release|Any CPU
		{3E8B8061-F1E8-443F-883C-24B3336403F7}.Debug|Any CPU.ActiveCfg = Debug|Any CPU
		{3E8B8061-F1E8-443F-883C-24B3336403F7}.Debug|Any CPU.Build.0 = Debug|Any CPU
		{3E8B8061-F1E8-443F-883C-24B3336403F7}.Release|Any CPU.ActiveCfg = Release|Any CPU
		{3E8B8061-F1E8-443F-883C-24B3336403F7}.Release|Any CPU.Build.0 = Release|Any CPU
		{303DE5D9-A638-4B89-983D-A8F8D1FB4CE2}.Debug|Any CPU.ActiveCfg = Debug|Any CPU
		{303DE5D9-A638-4B89-983D-A8F8D1FB4CE2}.Debug|Any CPU.Build.0 = Debug|Any CPU
		{303DE5D9-A638-4B89-983D-A8F8D1FB4CE2}.Release|Any CPU.ActiveCfg = Release|Any CPU
		{303DE5D9-A638-4B89-983D-A8F8D1FB4CE2}.Release|Any CPU.Build.0 = Release|Any CPU
		{55215304-E7C7-4174-BD88-EF988C3AC6E2}.Debug|Any CPU.ActiveCfg = Debug|Any CPU
		{55215304-E7C7-4174-BD88-EF988C3AC6E2}.Debug|Any CPU.Build.0 = Debug|Any CPU
		{55215304-E7C7-4174-BD88-EF988C3AC6E2}.Release|Any CPU.ActiveCfg = Release|Any CPU
		{55215304-E7C7-4174-BD88-EF988C3AC6E2}.Release|Any CPU.Build.0 = Release|Any CPU
		{1F5E3C5A-87DE-4253-BC74-221FEA7BA928}.Debug|Any CPU.ActiveCfg = Debug|Any CPU
		{1F5E3C5A-87DE-4253-BC74-221FEA7BA928}.Debug|Any CPU.Build.0 = Debug|Any CPU
		{1F5E3C5A-87DE-4253-BC74-221FEA7BA928}.Release|Any CPU.ActiveCfg = Release|Any CPU
		{1F5E3C5A-87DE-4253-BC74-221FEA7BA928}.Release|Any CPU.Build.0 = Release|Any CPU
		{25F026F4-2F0D-4F0A-A361-79F47E298B7F}.Debug|Any CPU.ActiveCfg = Debug|Any CPU
		{25F026F4-2F0D-4F0A-A361-79F47E298B7F}.Debug|Any CPU.Build.0 = Debug|Any CPU
		{25F026F4-2F0D-4F0A-A361-79F47E298B7F}.Release|Any CPU.ActiveCfg = Release|Any CPU
		{25F026F4-2F0D-4F0A-A361-79F47E298B7F}.Release|Any CPU.Build.0 = Release|Any CPU
		{6F2C58DD-B8FC-4023-9AB3-3154C1783EF5}.Debug|Any CPU.ActiveCfg = Debug|Any CPU
		{6F2C58DD-B8FC-4023-9AB3-3154C1783EF5}.Debug|Any CPU.Build.0 = Debug|Any CPU
		{6F2C58DD-B8FC-4023-9AB3-3154C1783EF5}.Release|Any CPU.ActiveCfg = Release|Any CPU
		{6F2C58DD-B8FC-4023-9AB3-3154C1783EF5}.Release|Any CPU.Build.0 = Release|Any CPU
		{26D6F060-59BC-4419-AB08-2FE4035275DC}.Debug|Any CPU.ActiveCfg = Debug|Any CPU
		{26D6F060-59BC-4419-AB08-2FE4035275DC}.Debug|Any CPU.Build.0 = Debug|Any CPU
		{26D6F060-59BC-4419-AB08-2FE4035275DC}.Release|Any CPU.ActiveCfg = Release|Any CPU
		{26D6F060-59BC-4419-AB08-2FE4035275DC}.Release|Any CPU.Build.0 = Release|Any CPU
		{A1B3C5F2-4887-4585-96B2-F72FEA92F148}.Debug|Any CPU.ActiveCfg = Debug|Any CPU
		{A1B3C5F2-4887-4585-96B2-F72FEA92F148}.Debug|Any CPU.Build.0 = Debug|Any CPU
		{A1B3C5F2-4887-4585-96B2-F72FEA92F148}.Release|Any CPU.ActiveCfg = Release|Any CPU
		{A1B3C5F2-4887-4585-96B2-F72FEA92F148}.Release|Any CPU.Build.0 = Release|Any CPU
	EndGlobalSection
	GlobalSection(SolutionProperties) = preSolution
		HideSolutionNode = FALSE
	EndGlobalSection
	GlobalSection(ExtensibilityGlobals) = postSolution
		SolutionGuid = {EFDAB83F-8E5B-40BC-B6AC-A372483E1ACB}
	EndGlobalSection
EndGlobal
